
Microsoft Visual Studio Solution File, Format Version 12.00
# Visual Studio Version 16
VisualStudioVersion = 16.0.30204.135
MinimumVisualStudioVersion = 10.0.40219.1
Project("{FAE04EC0-301F-11D3-BF4B-00C04F79EFBC}") = "OpenESRDiscPatcher", "OpenESRDiscPatcher.csproj", "{232DF893-4417-4EE7-AB91-55EEA6E13573}"
EndProject
Global
	GlobalSection(SolutionConfigurationPlatforms) = preSolution
		Debug|Any CPU = Debug|Any CPU
		Release|Any CPU = Release|Any CPU
	EndGlobalSection
	GlobalSection(ProjectConfigurationPlatforms) = postSolution
		{232DF893-4417-4EE7-AB91-55EEA6E13573}.Debug|Any CPU.ActiveCfg = Debug|Any CPU
		{232DF893-4417-4EE7-AB91-55EEA6E13573}.Debug|Any CPU.Build.0 = Debug|Any CPU
		{232DF893-4417-4EE7-AB91-55EEA6E13573}.Release|Any CPU.ActiveCfg = Release|Any CPU
		{232DF893-4417-4EE7-AB91-55EEA6E13573}.Release|Any CPU.Build.0 = Release|Any CPU
	EndGlobalSection
	GlobalSection(SolutionProperties) = preSolution
		HideSolutionNode = FALSE
	EndGlobalSection
	GlobalSection(ExtensibilityGlobals) = postSolution
		SolutionGuid = {9EAFD7DD-7639-46AF-8F04-1D72729F7398}
	EndGlobalSection
EndGlobal
